
Microsoft Visual Studio Solution File, Format Version 12.00
# Visual Studio Version 17
VisualStudioVersion = 17.14.37216.2
MinimumVisualStudioVersion = 10.0.40219.1
Project("{8BC9CEB8-8B4A-11D0-8D11-00A0C91BC942}") = "Text_RPG_Team11", "Text_RPG_Team11\Text_RPG_Team11.vcxproj", "{B6ACB6CF-CF96-4940-912A-3215068D04FF}"
EndProject
Global
	GlobalSection(SolutionConfigurationPlatforms) = preSolution
		Debug|x64 = Debug|x64
		Debug|x86 = Debug|x86
		Release|x64 = Release|x64
		Release|x86 = Release|x86
	EndGlobalSection
	GlobalSection(ProjectConfigurationPlatforms) = postSolution
		{B6ACB6CF-CF96-4940-912A-3215068D04FF}.Debug|x64.ActiveCfg = Debug|x64
		{B6ACB6CF-CF96-4940-912A-3215068D04FF}.Debug|x64.Build.0 = Debug|x64
		{B6ACB6CF-CF96-4940-912A-3215068D04FF}.Debug|x86.ActiveCfg = Debug|Win32
		{B6ACB6CF-CF96-4940-912A-3215068D04FF}.Debug|x86.Build.0 = Debug|Win32
		{B6ACB6CF-CF96-4940-912A-3215068D04FF}.Release|x64.ActiveCfg = Release|x64
		{B6ACB6CF-CF96-4940-912A-3215068D04FF}.Release|x64.Build.0 = Release|x64
		{B6ACB6CF-CF96-4940-912A-3215068D04FF}.Release|x86.ActiveCfg = Release|Win32
		{B6ACB6CF-CF96-4940-912A-3215068D04FF}.Release|x86.Build.0 = Release|Win32
	EndGlobalSection
	GlobalSection(SolutionProperties) = preSolution
		HideSolutionNode = FALSE
	EndGlobalSection
	GlobalSection(ExtensibilityGlobals) = postSolution
		SolutionGuid = {8899E22D-DF0A-40E9-9B35-8853942F170E}
	EndGlobalSection
EndGlobal
